PODS:
  - Nimble (7.3.4)
  - Quick (1.3.4)

DEPENDENCIES:
  - Nimble (~> 7.3.2)
  - Quick (~> 1.3.2)

SPEC REPOS:
  trunk:
    - Nimble
    - Quick

SPEC CHECKSUMS:
  Nimble: 051e3d8912d40138fa5591c78594f95fb172af37
  Quick: f4f7f063c524394c73ed93ac70983c609805d481

PODFILE CHECKSUM: 65e0b85c687154b5ab0308071e8883fb184df1b2

COCOAPODS: 1.8.4
